
Microsoft Visual Studio Solution File, Format Version 12.00
# Visual Studio Version 16
VisualStudioVersion = 16.0.30225.117
MinimumVisualStudioVersion = 10.0.40219.1
Project("{FAE04EC0-301F-11D3-BF4B-00C04F79EFBC}") = "bgit", "bgit\bgit.csproj", "{792366E9-22BB-4810-A804-63A52F6C884B}"
EndProject
Global
	GlobalSection(SolutionConfigurationPlatforms) = preSolution
		Debug|Any CPU = Debug|Any CPU
		Release|Any CPU = Release|Any CPU
	EndGlobalSection
	GlobalSection(ProjectConfigurationPlatforms) = postSolution
		{792366E9-22BB-4810-A804-63A52F6C884B}.Debug|Any CPU.ActiveCfg = Debug|Any CPU
		{792366E9-22BB-4810-A804-63A52F6C884B}.Debug|Any CPU.Build.0 = Debug|Any CPU
		{792366E9-22BB-4810-A804-63A52F6C884B}.Release|Any CPU.ActiveCfg = Release|Any CPU
		{792366E9-22BB-4810-A804-63A52F6C884B}.Release|Any CPU.Build.0 = Release|Any CPU
	EndGlobalSection
	GlobalSection(SolutionProperties) = preSolution
		HideSolutionNode = FALSE
	EndGlobalSection
	GlobalSection(ExtensibilityGlobals) = postSolution
		SolutionGuid = {AB6FE961-DCDE-472F-87DC-A702D88EFA8E}
	EndGlobalSection
EndGlobal
